
Microsoft Visual Studio Solution File, Format Version 12.00
# Visual Studio Version 17
VisualStudioVersion = 17.4.33122.133
MinimumVisualStudioVersion = 10.0.40219.1
Project("{9A19103F-16F7-4668-BE54-9A1E7A4F7556}") = "MathApp", "remake\MathApp.csproj", "{D4AE6568-3D9E-4DE2-A609-091E999308D5}"
EndProject
Global
	GlobalSection(SolutionConfigurationPlatforms) = preSolution
		Debug|Any CPU = Debug|Any CPU
		Release|Any CPU = Release|Any CPU
	EndGlobalSection
	GlobalSection(ProjectConfigurationPlatforms) = postSolution
		{D4AE6568-3D9E-4DE2-A609-091E999308D5}.Debug|Any CPU.ActiveCfg = Debug|Any CPU
		{D4AE6568-3D9E-4DE2-A609-091E999308D5}.Debug|Any CPU.Build.0 = Debug|Any CPU
		{D4AE6568-3D9E-4DE2-A609-091E999308D5}.Release|Any CPU.ActiveCfg = Release|Any CPU
		{D4AE6568-3D9E-4DE2-A609-091E999308D5}.Release|Any CPU.Build.0 = Release|Any CPU
	EndGlobalSection
	GlobalSection(SolutionProperties) = preSolution
		HideSolutionNode = FALSE
	EndGlobalSection
	GlobalSection(ExtensibilityGlobals) = postSolution
		SolutionGuid = {91724E85-EE75-49D7-A2FE-62CC97BB6891}
	EndGlobalSection
EndGlobal
